
Microsoft Visual Studio Solution File, Format Version 11.00
# Visual Studio 2010
Project("{FAE04EC0-301F-11D3-BF4B-00C04F79EFBC}") = "Caverns", "Caverns\Caverns\Caverns.csproj", "{73E67C8D-7924-4E54-91AB-D7B3EEB0D2E5}"
EndProject
Project("{FAE04EC0-301F-11D3-BF4B-00C04F79EFBC}") = "CavernsContent", "Caverns\CavernsContent\CavernsContent.contentproj", "{508B5FAA-299E-48CD-8D27-5004D4DF227C}"
EndProject
Project("{FAE04EC0-301F-11D3-BF4B-00C04F79EFBC}") = "KuriosityXLib", "KuriosityLib\KuriosityXLib.csproj", "{1CDF7EB2-A2B5-45AE-8813-76423750C544}"
EndProject
Project("{FAE04EC0-301F-11D3-BF4B-00C04F79EFBC}") = "KLib", "KLib\KLib.csproj", "{179F1022-BE4D-4B39-A728-395B4DD4DAD5}"
EndProject
Project("{FAE04EC0-301F-11D3-BF4B-00C04F79EFBC}") = "KAI Idea Vetting", "AI Idea Vetting\AI Idea Vetting\KAI Idea Vetting.csproj", "{6C95907A-33BB-4CF5-B45C-F68DC42C528C}"
EndProject
Project("{FAE04EC0-301F-11D3-BF4B-00C04F79EFBC}") = "KAI Idea VettingContent", "AI Idea Vetting\AI Idea VettingContent\KAI Idea VettingContent.contentproj", "{A153EE0A-F502-440D-ADB2-92A0A72A655F}"
EndProject
Project("{FAE04EC0-301F-11D3-BF4B-00C04F79EFBC}") = "VettingConsole", "VettingConsole\VettingConsole.csproj", "{3D01B0B4-D6CC-43D0-B04E-2660F046CB3C}"
EndProject
Project("{FAE04EC0-301F-11D3-BF4B-00C04F79EFBC}") = "MazeMaker", "MazeMaker\Project1\MazeMaker.csproj", "{23A4DCE2-D962-4C77-80E2-DF5747317AF4}"
EndProject
Project("{FAE04EC0-301F-11D3-BF4B-00C04F79EFBC}") = "ksimpleNL", "ksimpleNL\ksimpleNL.csproj", "{C791D37B-1544-48E0-AAF5-037BCB0B589F}"
EndProject
Project("{FAE04EC0-301F-11D3-BF4B-00C04F79EFBC}") = "Caverns mk2", "Caverns mk2\Caverns mk2\Caverns mk2.csproj", "{04CDC74B-9A18-4C67-AC13-7335EA198F1C}"
EndProject
Project("{96E2B04D-8817-42C6-938A-82C39BA4D311}") = "Caverns mk2Content", "Caverns mk2\Caverns mk2Content\Caverns mk2Content.contentproj", "{4A8B168E-98DE-4C53-96C7-4C5E4D4E7D8E}"
EndProject
Global
	GlobalSection(SolutionConfigurationPlatforms) = preSolution
		Debug|Any CPU = Debug|Any CPU
		Debug|Mixed Platforms = Debug|Mixed Platforms
		Debug|Win32 = Debug|Win32
		Debug|x86 = Debug|x86
		Release|Any CPU = Release|Any CPU
		Release|Mixed Platforms = Release|Mixed Platforms
		Release|Win32 = Release|Win32
		Release|x86 = Release|x86
	EndGlobalSection
	GlobalSection(ProjectConfigurationPlatforms) = postSolution
		{73E67C8D-7924-4E54-91AB-D7B3EEB0D2E5}.Debug|Any CPU.ActiveCfg = Debug|x86
		{73E67C8D-7924-4E54-91AB-D7B3EEB0D2E5}.Debug|Mixed Platforms.ActiveCfg = Debug|x86
		{73E67C8D-7924-4E54-91AB-D7B3EEB0D2E5}.Debug|Mixed Platforms.Build.0 = Debug|x86
		{73E67C8D-7924-4E54-91AB-D7B3EEB0D2E5}.Debug|Win32.ActiveCfg = Debug|x86
		{73E67C8D-7924-4E54-91AB-D7B3EEB0D2E5}.Debug|x86.ActiveCfg = Debug|x86
		{73E67C8D-7924-4E54-91AB-D7B3EEB0D2E5}.Debug|x86.Build.0 = Debug|x86
		{73E67C8D-7924-4E54-91AB-D7B3EEB0D2E5}.Release|Any CPU.ActiveCfg = Release|x86
		{73E67C8D-7924-4E54-91AB-D7B3EEB0D2E5}.Release|Mixed Platforms.ActiveCfg = Release|x86
		{73E67C8D-7924-4E54-91AB-D7B3EEB0D2E5}.Release|Mixed Platforms.Build.0 = Release|x86
		{73E67C8D-7924-4E54-91AB-D7B3EEB0D2E5}.Release|Win32.ActiveCfg = Release|x86
		{73E67C8D-7924-4E54-91AB-D7B3EEB0D2E5}.Release|x86.ActiveCfg = Release|x86
		{73E67C8D-7924-4E54-91AB-D7B3EEB0D2E5}.Release|x86.Build.0 = Release|x86
		{508B5FAA-299E-48CD-8D27-5004D4DF227C}.Debug|Any CPU.ActiveCfg = Debug|x86
		{508B5FAA-299E-48CD-8D27-5004D4DF227C}.Debug|Mixed Platforms.ActiveCfg = Debug|x86
		{508B5FAA-299E-48CD-8D27-5004D4DF227C}.Debug|Win32.ActiveCfg = Debug|x86
		{508B5FAA-299E-48CD-8D27-5004D4DF227C}.Debug|x86.ActiveCfg = Debug|x86
		{508B5FAA-299E-48CD-8D27-5004D4DF227C}.Release|Any CPU.ActiveCfg = Release|x86
		{508B5FAA-299E-48CD-8D27-5004D4DF227C}.Release|Mixed Platforms.ActiveCfg = Release|x86
		{508B5FAA-299E-48CD-8D27-5004D4DF227C}.Release|Win32.ActiveCfg = Release|x86
		{508B5FAA-299E-48CD-8D27-5004D4DF227C}.Release|x86.ActiveCfg = Release|x86
		{1CDF7EB2-A2B5-45AE-8813-76423750C544}.Debug|Any CPU.ActiveCfg = Debug|x86
		{1CDF7EB2-A2B5-45AE-8813-76423750C544}.Debug|Mixed Platforms.ActiveCfg = Debug|x86
		{1CDF7EB2-A2B5-45AE-8813-76423750C544}.Debug|Mixed Platforms.Build.0 = Debug|x86
		{1CDF7EB2-A2B5-45AE-8813-76423750C544}.Debug|Win32.ActiveCfg = Debug|x86
		{1CDF7EB2-A2B5-45AE-8813-76423750C544}.Debug|x86.ActiveCfg = Debug|x86
		{1CDF7EB2-A2B5-45AE-8813-76423750C544}.Debug|x86.Build.0 = Debug|x86
		{1CDF7EB2-A2B5-45AE-8813-76423750C544}.Release|Any CPU.ActiveCfg = Release|x86
		{1CDF7EB2-A2B5-45AE-8813-76423750C544}.Release|Mixed Platforms.ActiveCfg = Release|x86
		{1CDF7EB2-A2B5-45AE-8813-76423750C544}.Release|Mixed Platforms.Build.0 = Release|x86
		{1CDF7EB2-A2B5-45AE-8813-76423750C544}.Release|Win32.ActiveCfg = Release|x86
		{1CDF7EB2-A2B5-45AE-8813-76423750C544}.Release|x86.ActiveCfg = Release|x86
		{1CDF7EB2-A2B5-45AE-8813-76423750C544}.Release|x86.Build.0 = Release|x86
		{179F1022-BE4D-4B39-A728-395B4DD4DAD5}.Debug|Any CPU.ActiveCfg = Debug|Any CPU
		{179F1022-BE4D-4B39-A728-395B4DD4DAD5}.Debug|Any CPU.Build.0 = Debug|Any CPU
		{179F1022-BE4D-4B39-A728-395B4DD4DAD5}.Debug|Mixed Platforms.ActiveCfg = Debug|Any CPU
		{179F1022-BE4D-4B39-A728-395B4DD4DAD5}.Debug|Mixed Platforms.Build.0 = Debug|Any CPU
		{179F1022-BE4D-4B39-A728-395B4DD4DAD5}.Debug|Win32.ActiveCfg = Debug|Any CPU
		{179F1022-BE4D-4B39-A728-395B4DD4DAD5}.Debug|x86.ActiveCfg = Debug|Any CPU
		{179F1022-BE4D-4B39-A728-395B4DD4DAD5}.Release|Any CPU.ActiveCfg = Release|Any CPU
		{179F1022-BE4D-4B39-A728-395B4DD4DAD5}.Release|Any CPU.Build.0 = Release|Any CPU
		{179F1022-BE4D-4B39-A728-395B4DD4DAD5}.Release|Mixed Platforms.ActiveCfg = Release|Any CPU
		{179F1022-BE4D-4B39-A728-395B4DD4DAD5}.Release|Mixed Platforms.Build.0 = Release|Any CPU
		{179F1022-BE4D-4B39-A728-395B4DD4DAD5}.Release|Win32.ActiveCfg = Release|Any CPU
		{179F1022-BE4D-4B39-A728-395B4DD4DAD5}.Release|x86.ActiveCfg = Release|Any CPU
		{6C95907A-33BB-4CF5-B45C-F68DC42C528C}.Debug|Any CPU.ActiveCfg = Debug|x86
		{6C95907A-33BB-4CF5-B45C-F68DC42C528C}.Debug|Mixed Platforms.ActiveCfg = Debug|x86
		{6C95907A-33BB-4CF5-B45C-F68DC42C528C}.Debug|Mixed Platforms.Build.0 = Debug|x86
		{6C95907A-33BB-4CF5-B45C-F68DC42C528C}.Debug|Win32.ActiveCfg = Debug|x86
		{6C95907A-33BB-4CF5-B45C-F68DC42C528C}.Debug|x86.ActiveCfg = Debug|x86
		{6C95907A-33BB-4CF5-B45C-F68DC42C528C}.Debug|x86.Build.0 = Debug|x86
		{6C95907A-33BB-4CF5-B45C-F68DC42C528C}.Release|Any CPU.ActiveCfg = Release|x86
		{6C95907A-33BB-4CF5-B45C-F68DC42C528C}.Release|Mixed Platforms.ActiveCfg = Release|x86
		{6C95907A-33BB-4CF5-B45C-F68DC42C528C}.Release|Mixed Platforms.Build.0 = Release|x86
		{6C95907A-33BB-4CF5-B45C-F68DC42C528C}.Release|Win32.ActiveCfg = Release|x86
		{6C95907A-33BB-4CF5-B45C-F68DC42C528C}.Release|x86.ActiveCfg = Release|x86
		{6C95907A-33BB-4CF5-B45C-F68DC42C528C}.Release|x86.Build.0 = Release|x86
		{A153EE0A-F502-440D-ADB2-92A0A72A655F}.Debug|Any CPU.ActiveCfg = Debug|x86
		{A153EE0A-F502-440D-ADB2-92A0A72A655F}.Debug|Mixed Platforms.ActiveCfg = Debug|x86
		{A153EE0A-F502-440D-ADB2-92A0A72A655F}.Debug|Win32.ActiveCfg = Debug|x86
		{A153EE0A-F502-440D-ADB2-92A0A72A655F}.Debug|x86.ActiveCfg = Debug|x86
		{A153EE0A-F502-440D-ADB2-92A0A72A655F}.Release|Any CPU.ActiveCfg = Release|x86
		{A153EE0A-F502-440D-ADB2-92A0A72A655F}.Release|Mixed Platforms.ActiveCfg = Release|x86
		{A153EE0A-F502-440D-ADB2-92A0A72A655F}.Release|Win32.ActiveCfg = Release|x86
		{A153EE0A-F502-440D-ADB2-92A0A72A655F}.Release|x86.ActiveCfg = Release|x86
		{3D01B0B4-D6CC-43D0-B04E-2660F046CB3C}.Debug|Any CPU.ActiveCfg = Debug|x86
		{3D01B0B4-D6CC-43D0-B04E-2660F046CB3C}.Debug|Mixed Platforms.ActiveCfg = Debug|x86
		{3D01B0B4-D6CC-43D0-B04E-2660F046CB3C}.Debug|Mixed Platforms.Build.0 = Debug|x86
		{3D01B0B4-D6CC-43D0-B04E-2660F046CB3C}.Debug|Win32.ActiveCfg = Debug|x86
		{3D01B0B4-D6CC-43D0-B04E-2660F046CB3C}.Debug|x86.ActiveCfg = Debug|x86
		{3D01B0B4-D6CC-43D0-B04E-2660F046CB3C}.Debug|x86.Build.0 = Debug|x86
		{3D01B0B4-D6CC-43D0-B04E-2660F046CB3C}.Release|Any CPU.ActiveCfg = Release|x86
		{3D01B0B4-D6CC-43D0-B04E-2660F046CB3C}.Release|Mixed Platforms.ActiveCfg = Release|x86
		{3D01B0B4-D6CC-43D0-B04E-2660F046CB3C}.Release|Mixed Platforms.Build.0 = Release|x86
		{3D01B0B4-D6CC-43D0-B04E-2660F046CB3C}.Release|Win32.ActiveCfg = Release|x86
		{3D01B0B4-D6CC-43D0-B04E-2660F046CB3C}.Release|x86.ActiveCfg = Release|x86
		{3D01B0B4-D6CC-43D0-B04E-2660F046CB3C}.Release|x86.Build.0 = Release|x86
		{23A4DCE2-D962-4C77-80E2-DF5747317AF4}.Debug|Any CPU.ActiveCfg = Debug|x86
		{23A4DCE2-D962-4C77-80E2-DF5747317AF4}.Debug|Mixed Platforms.ActiveCfg = Debug|x86
		{23A4DCE2-D962-4C77-80E2-DF5747317AF4}.Debug|Mixed Platforms.Build.0 = Debug|x86
		{23A4DCE2-D962-4C77-80E2-DF5747317AF4}.Debug|Win32.ActiveCfg = Debug|x86
		{23A4DCE2-D962-4C77-80E2-DF5747317AF4}.Debug|x86.ActiveCfg = Debug|x86
		{23A4DCE2-D962-4C77-80E2-DF5747317AF4}.Debug|x86.Build.0 = Debug|x86
		{23A4DCE2-D962-4C77-80E2-DF5747317AF4}.Release|Any CPU.ActiveCfg = Release|x86
		{23A4DCE2-D962-4C77-80E2-DF5747317AF4}.Release|Mixed Platforms.ActiveCfg = Release|x86
		{23A4DCE2-D962-4C77-80E2-DF5747317AF4}.Release|Mixed Platforms.Build.0 = Release|x86
		{23A4DCE2-D962-4C77-80E2-DF5747317AF4}.Release|Win32.ActiveCfg = Release|x86
		{23A4DCE2-D962-4C77-80E2-DF5747317AF4}.Release|x86.ActiveCfg = Release|x86
		{23A4DCE2-D962-4C77-80E2-DF5747317AF4}.Release|x86.Build.0 = Release|x86
		{C791D37B-1544-48E0-AAF5-037BCB0B589F}.Debug|Any CPU.ActiveCfg = Debug|Any CPU
		{C791D37B-1544-48E0-AAF5-037BCB0B589F}.Debug|Any CPU.Build.0 = Debug|Any CPU
		{C791D37B-1544-48E0-AAF5-037BCB0B589F}.Debug|Mixed Platforms.ActiveCfg = Debug|Any CPU
		{C791D37B-1544-48E0-AAF5-037BCB0B589F}.Debug|Mixed Platforms.Build.0 = Debug|Any CPU
		{C791D37B-1544-48E0-AAF5-037BCB0B589F}.Debug|Win32.ActiveCfg = Debug|Any CPU
		{C791D37B-1544-48E0-AAF5-037BCB0B589F}.Debug|x86.ActiveCfg = Debug|Any CPU
		{C791D37B-1544-48E0-AAF5-037BCB0B589F}.Release|Any CPU.ActiveCfg = Release|Any CPU
		{C791D37B-1544-48E0-AAF5-037BCB0B589F}.Release|Any CPU.Build.0 = Release|Any CPU
		{C791D37B-1544-48E0-AAF5-037BCB0B589F}.Release|Mixed Platforms.ActiveCfg = Release|Any CPU
		{C791D37B-1544-48E0-AAF5-037BCB0B589F}.Release|Mixed Platforms.Build.0 = Release|Any CPU
		{C791D37B-1544-48E0-AAF5-037BCB0B589F}.Release|Win32.ActiveCfg = Release|Any CPU
		{C791D37B-1544-48E0-AAF5-037BCB0B589F}.Release|x86.ActiveCfg = Release|Any CPU
		{04CDC74B-9A18-4C67-AC13-7335EA198F1C}.Debug|Any CPU.ActiveCfg = Debug|x86
		{04CDC74B-9A18-4C67-AC13-7335EA198F1C}.Debug|Mixed Platforms.ActiveCfg = Debug|x86
		{04CDC74B-9A18-4C67-AC13-7335EA198F1C}.Debug|Mixed Platforms.Build.0 = Debug|x86
		{04CDC74B-9A18-4C67-AC13-7335EA198F1C}.Debug|Win32.ActiveCfg = Debug|x86
		{04CDC74B-9A18-4C67-AC13-7335EA198F1C}.Debug|x86.ActiveCfg = Debug|x86
		{04CDC74B-9A18-4C67-AC13-7335EA198F1C}.Debug|x86.Build.0 = Debug|x86
		{04CDC74B-9A18-4C67-AC13-7335EA198F1C}.Release|Any CPU.ActiveCfg = Release|x86
		{04CDC74B-9A18-4C67-AC13-7335EA198F1C}.Release|Mixed Platforms.ActiveCfg = Release|x86
		{04CDC74B-9A18-4C67-AC13-7335EA198F1C}.Release|Mixed Platforms.Build.0 = Release|x86
		{04CDC74B-9A18-4C67-AC13-7335EA198F1C}.Release|Win32.ActiveCfg = Release|x86
		{04CDC74B-9A18-4C67-AC13-7335EA198F1C}.Release|x86.ActiveCfg = Release|x86
		{04CDC74B-9A18-4C67-AC13-7335EA198F1C}.Release|x86.Build.0 = Release|x86
		{4A8B168E-98DE-4C53-96C7-4C5E4D4E7D8E}.Debug|Any CPU.ActiveCfg = Debug|x86
		{4A8B168E-98DE-4C53-96C7-4C5E4D4E7D8E}.Debug|Mixed Platforms.ActiveCfg = Debug|x86
		{4A8B168E-98DE-4C53-96C7-4C5E4D4E7D8E}.Debug|Win32.ActiveCfg = Debug|x86
		{4A8B168E-98DE-4C53-96C7-4C5E4D4E7D8E}.Debug|x86.ActiveCfg = Debug|x86
		{4A8B168E-98DE-4C53-96C7-4C5E4D4E7D8E}.Release|Any CPU.ActiveCfg = Release|x86
		{4A8B168E-98DE-4C53-96C7-4C5E4D4E7D8E}.Release|Mixed Platforms.ActiveCfg = Release|x86
		{4A8B168E-98DE-4C53-96C7-4C5E4D4E7D8E}.Release|Win32.ActiveCfg = Release|x86
		{4A8B168E-98DE-4C53-96C7-4C5E4D4E7D8E}.Release|x86.ActiveCfg = Release|x86
	EndGlobalSection
	GlobalSection(SolutionProperties) = preSolution
		HideSolutionNode = FALSE
	EndGlobalSection
EndGlobal
